// !$*UTF8*$!
{
	archiveVersion = 1;
	classes = {
	};
	objectVersion = 46;
	objects = {

/* Begin PBXBuildFile section */
		4BBA18D416763F8A000EB48F /* AFHTTPClient.m in Sources */ = {isa = PBXBuildFile; fileRef = 4BBA18C216763F8A000EB48F /* AFHTTPClient.m */; };
		4BBA18D516763F8A000EB48F /* AFHTTPRequestOperation.m in Sources */ = {isa = PBXBuildFile; fileRef = 4BBA18C416763F8A000EB48F /* AFHTTPRequestOperation.m */; };
		4BBA18D616763F8A000EB48F /* AFImageRequestOperation.m in Sources */ = {isa = PBXBuildFile; fileRef = 4BBA18C616763F8A000EB48F /* AFImageRequestOperation.m */; };
		4BBA18D716763F8A000EB48F /* AFJSONRequestOperation.m in Sources */ = {isa = PBXBuildFile; fileRef = 4BBA18C816763F8A000EB48F /* AFJSONRequestOperation.m */; };
		4BBA18D816763F8A000EB48F /* AFNetworkActivityIndicatorManager.m in Sources */ = {isa = PBXBuildFile; fileRef = 4BBA18CA16763F8A000EB48F /* AFNetworkActivityIndicatorManager.m */; };
		4BBA18D916763F8A000EB48F /* AFPropertyListRequestOperation.m in Sources */ = {isa = PBXBuildFile; fileRef = 4BBA18CD16763F8A000EB48F /* AFPropertyListRequestOperation.m */; };
		4BBA18DA16763F8A000EB48F /* AFURLConnectionOperation.m in Sources */ = {isa = PBXBuildFile; fileRef = 4BBA18CF16763F8A000EB48F /* AFURLConnectionOperation.m */; };
		4BBA18DB16763F8A000EB48F /* AFXMLRequestOperation.m in Sources */ = {isa = PBXBuildFile; fileRef = 4BBA18D116763F8A000EB48F /* AFXMLRequestOperation.m */; };
		4BBA18DC16763F8A000EB48F /* UIImageView+AFNetworking.m in Sources */ = {isa = PBXBuildFile; fileRef = 4BBA18D316763F8A000EB48F /* UIImageView+AFNetworking.m */; };
		4BBA18E016763FE1000EB48F /* AFBufferHTTPClient.m in Sources */ = {isa = PBXBuildFile; fileRef = 4BBA18DF16763FE1000EB48F /* AFBufferHTTPClient.m */; };
		4BC01F3116725841003F6087 /* Cocoa.framework in Frameworks */ = {isa = PBXBuildFile; fileRef = 4BC01F3016725841003F6087 /* Cocoa.framework */; };
		4BC01F3B16725842003F6087 /* InfoPlist.strings in Resources */ = {isa = PBXBuildFile; fileRef = 4BC01F3916725842003F6087 /* InfoPlist.strings */; };
		4BC01F3D16725842003F6087 /* main.m in Sources */ = {isa = PBXBuildFile; fileRef = 4BC01F3C16725842003F6087 /* main.m */; };
		4BC01F4116725842003F6087 /* Credits.rtf in Resources */ = {isa = PBXBuildFile; fileRef = 4BC01F3F16725842003F6087 /* Credits.rtf */; };
		4BC01F4416725842003F6087 /* AppDelegate.m in Sources */ = {isa = PBXBuildFile; fileRef = 4BC01F4316725842003F6087 /* AppDelegate.m */; };
		4BC01F4716725842003F6087 /* MainMenu.xib in Resources */ = {isa = PBXBuildFile; fileRef = 4BC01F4516725842003F6087 /* MainMenu.xib */; };
		4BC01F4F16725842003F6087 /* SenTestingKit.framework in Frameworks */ = {isa = PBXBuildFile; fileRef = 4BC01F4E16725842003F6087 /* SenTestingKit.framework */; };
		4BC01F5016725842003F6087 /* Cocoa.framework in Frameworks */ = {isa = PBXBuildFile; fileRef = 4BC01F3016725841003F6087 /* Cocoa.framework */; };
		4BC01F5816725842003F6087 /* InfoPlist.strings in Resources */ = {isa = PBXBuildFile; fileRef = 4BC01F5616725842003F6087 /* InfoPlist.strings */; };
		4BC01F5B16725842003F6087 /* BufferFastTests.m in Sources */ = {isa = PBXBuildFile; fileRef = 4BC01F5A16725842003F6087 /* BufferFastTests.m */; };
		4BF7102E1677B2DA00FFA839 /* SystemConfiguration.framework in Frameworks */ = {isa = PBXBuildFile; fileRef = 4BF7102D1677B2DA00FFA839 /* SystemConfiguration.framework */; };
		4BF710371677B7D400FFA839 /* StatusBarView.m in Sources */ = {isa = PBXBuildFile; fileRef = 4BF710361677B7D400FFA839 /* StatusBarView.m */; };
		4BF710421677C71E00FFA839 /* NSWindow+canBecomeKeyWindow.m in Sources */ = {isa = PBXBuildFile; fileRef = 4BF710411677C71E00FFA839 /* NSWindow+canBecomeKeyWindow.m */; };
/* End PBXBuildFile section */

/* Begin PBXContainerItemProxy section */
		4BC01F5116725842003F6087 /* PBXContainerItemProxy */ = {
			isa = PBXContainerItemProxy;
			containerPortal = 4BC01F2316725841003F6087 /* Project object */;
			proxyType = 1;
			remoteGlobalIDString = 4BC01F2B16725841003F6087;
			remoteInfo = BufferFast;
		};
/* End PBXContainerItemProxy section */

/* Begin PBXFileReference section */
		4BBA18C116763F8A000EB48F /* AFHTTPClient.h */ = {isa = PBXFileReference; fileEncoding = 4; lastKnownFileType = sourcecode.c.h; path = AFHTTPClient.h; sourceTree = "<group>"; };
		4BBA18C216763F8A000EB48F /* AFHTTPClient.m */ = {isa = PBXFileReference; fileEncoding = 4; lastKnownFileType = sourcecode.c.objc; path = AFHTTPClient.m; sourceTree = "<group>"; };
		4BBA18C316763F8A000EB48F /* AFHTTPRequestOperation.h */ = {isa = PBXFileReference; fileEncoding = 4; lastKnownFileType = sourcecode.c.h; path = AFHTTPRequestOperation.h; sourceTree = "<group>"; };
		4BBA18C416763F8A000EB48F /* AFHTTPRequestOperation.m */ = {isa = PBXFileReference; fileEncoding = 4; lastKnownFileType = sourcecode.c.objc; path = AFHTTPRequestOperation.m; sourceTree = "<group>"; };
		4BBA18C516763F8A000EB48F /* AFImageRequestOperation.h */ = {isa = PBXFileReference; fileEncoding = 4; lastKnownFileType = sourcecode.c.h; path = AFImageRequestOperation.h; sourceTree = "<group>"; };
		4BBA18C616763F8A000EB48F /* AFImageRequestOperation.m */ = {isa = PBXFileReference; fileEncoding = 4; lastKnownFileType = sourcecode.c.objc; path = AFImageRequestOperation.m; sourceTree = "<group>"; };
		4BBA18C716763F8A000EB48F /* AFJSONRequestOperation.h */ = {isa = PBXFileReference; fileEncoding = 4; lastKnownFileType = sourcecode.c.h; path = AFJSONRequestOperation.h; sourceTree = "<group>"; };
		4BBA18C816763F8A000EB48F /* AFJSONRequestOperation.m */ = {isa = PBXFileReference; fileEncoding = 4; lastKnownFileType = sourcecode.c.objc; path = AFJSONRequestOperation.m; sourceTree = "<group>"; };
		4BBA18C916763F8A000EB48F /* AFNetworkActivityIndicatorManager.h */ = {isa = PBXFileReference; fileEncoding = 4; lastKnownFileType = sourcecode.c.h; path = AFNetworkActivityIndicatorManager.h; sourceTree = "<group>"; };
		4BBA18CA16763F8A000EB48F /* AFNetworkActivityIndicatorManager.m */ = {isa = PBXFileReference; fileEncoding = 4; lastKnownFileType = sourcecode.c.objc; path = AFNetworkActivityIndicatorManager.m; sourceTree = "<group>"; };
		4BBA18CB16763F8A000EB48F /* AFNetworking.h */ = {isa = PBXFileReference; fileEncoding = 4; lastKnownFileType = sourcecode.c.h; path = AFNetworking.h; sourceTree = "<group>"; };
		4BBA18CC16763F8A000EB48F /* AFPropertyListRequestOperation.h */ = {isa = PBXFileReference; fileEncoding = 4; lastKnownFileType = sourcecode.c.h; path = AFPropertyListRequestOperation.h; sourceTree = "<group>"; };
		4BBA18CD16763F8A000EB48F /* AFPropertyListRequestOperation.m */ = {isa = PBXFileReference; fileEncoding = 4; lastKnownFileType = sourcecode.c.objc; path = AFPropertyListRequestOperation.m; sourceTree = "<group>"; };
		4BBA18CE16763F8A000EB48F /* AFURLConnectionOperation.h */ = {isa = PBXFileReference; fileEncoding = 4; lastKnownFileType = sourcecode.c.h; path = AFURLConnectionOperation.h; sourceTree = "<group>"; };
		4BBA18CF16763F8A000EB48F /* AFURLConnectionOperation.m */ = {isa = PBXFileReference; fileEncoding = 4; lastKnownFileType = sourcecode.c.objc; path = AFURLConnectionOperation.m; sourceTree = "<group>"; };
		4BBA18D016763F8A000EB48F /* AFXMLRequestOperation.h */ = {isa = PBXFileReference; fileEncoding = 4; lastKnownFileType = sourcecode.c.h; path = AFXMLRequestOperation.h; sourceTree = "<group>"; };
		4BBA18D116763F8A000EB48F /* AFXMLRequestOperation.m */ = {isa = PBXFileReference; fileEncoding = 4; lastKnownFileType = sourcecode.c.objc; path = AFXMLRequestOperation.m; sourceTree = "<group>"; };
		4BBA18D216763F8A000EB48F /* UIImageView+AFNetworking.h */ = {isa = PBXFileReference; fileEncoding = 4; lastKnownFileType = sourcecode.c.h; path = "UIImageView+AFNetworking.h"; sourceTree = "<group>"; };
		4BBA18D316763F8A000EB48F /* UIImageView+AFNetworking.m */ = {isa = PBXFileReference; fileEncoding = 4; lastKnownFileType = sourcecode.c.objc; path = "UIImageView+AFNetworking.m"; sourceTree = "<group>"; };
		4BBA18DE16763FE1000EB48F /* AFBufferHTTPClient.h */ = {isa = PBXFileReference; fileEncoding = 4; lastKnownFileType = sourcecode.c.h; name = AFBufferHTTPClient.h; path = API/AFBufferHTTPClient.h; sourceTree = "<group>"; };
		4BBA18DF16763FE1000EB48F /* AFBufferHTTPClient.m */ = {isa = PBXFileReference; fileEncoding = 4; lastKnownFileType = sourcecode.c.objc; name = AFBufferHTTPClient.m; path = API/AFBufferHTTPClient.m; sourceTree = "<group>"; };
		4BC01F2C16725841003F6087 /* BufferFast.app */ = {isa = PBXFileReference; explicitFileType = wrapper.application; includeInIndex = 0; path = BufferFast.app; sourceTree = BUILT_PRODUCTS_DIR; };
		4BC01F3016725841003F6087 /* Cocoa.framework */ = {isa = PBXFileReference; lastKnownFileType = wrapper.framework; name = Cocoa.framework; path = System/Library/Frameworks/Cocoa.framework; sourceTree = SDKROOT; };
		4BC01F3316725841003F6087 /* AppKit.framework */ = {isa = PBXFileReference; lastKnownFileType = wrapper.framework; name = AppKit.framework; path = System/Library/Frameworks/AppKit.framework; sourceTree = SDKROOT; };
		4BC01F3416725841003F6087 /* CoreData.framework */ = {isa = PBXFileReference; lastKnownFileType = wrapper.framework; name = CoreData.framework; path = System/Library/Frameworks/CoreData.framework; sourceTree = SDKROOT; };
		4BC01F3516725841003F6087 /* Foundation.framework */ = {isa = PBXFileReference; lastKnownFileType = wrapper.framework; name = Foundation.framework; path = System/Library/Frameworks/Foundation.framework; sourceTree = SDKROOT; };
		4BC01F3816725842003F6087 /* BufferFast-Info.plist */ = {isa = PBXFileReference; lastKnownFileType = text.plist.xml; path = "BufferFast-Info.plist"; sourceTree = "<group>"; };
		4BC01F3A16725842003F6087 /* en */ = {isa = PBXFileReference; lastKnownFileType = text.plist.strings; name = en; path = en.lproj/InfoPlist.strings; sourceTree = "<group>"; };
		4BC01F3C16725842003F6087 /* main.m */ = {isa = PBXFileReference; lastKnownFileType = sourcecode.c.objc; path = main.m; sourceTree = "<group>"; };
		4BC01F3E16725842003F6087 /* BufferFast-Prefix.pch */ = {isa = PBXFileReference; lastKnownFileType = sourcecode.c.h; path = "BufferFast-Prefix.pch"; sourceTree = "<group>"; };
		4BC01F4016725842003F6087 /* en */ = {isa = PBXFileReference; lastKnownFileType = text.rtf; name = en; path = en.lproj/Credits.rtf; sourceTree = "<group>"; };
		4BC01F4216725842003F6087 /* AppDelegate.h */ = {isa = PBXFileReference; lastKnownFileType = sourcecode.c.h; path = AppDelegate.h; sourceTree = "<group>"; };
		4BC01F4316725842003F6087 /* AppDelegate.m */ = {isa = PBXFileReference; lastKnownFileType = sourcecode.c.objc; path = AppDelegate.m; sourceTree = "<group>"; };
		4BC01F4616725842003F6087 /* en */ = {isa = PBXFileReference; lastKnownFileType = file.xib; name = en; path = en.lproj/MainMenu.xib; sourceTree = "<group>"; };
		4BC01F4D16725842003F6087 /* BufferFastTests.octest */ = {isa = PBXFileReference; explicitFileType = wrapper.cfbundle; includeInIndex = 0; path = BufferFastTests.octest; sourceTree = BUILT_PRODUCTS_DIR; };
		4BC01F4E16725842003F6087 /* SenTestingKit.framework */ = {isa = PBXFileReference; lastKnownFileType = wrapper.framework; name = SenTestingKit.framework; path = Library/Frameworks/SenTestingKit.framework; sourceTree = DEVELOPER_DIR; };
		4BC01F5516725842003F6087 /* BufferFastTests-Info.plist */ = {isa = PBXFileReference; lastKnownFileType = text.plist.xml; path = "BufferFastTests-Info.plist"; sourceTree = "<group>"; };
		4BC01F5716725842003F6087 /* en */ = {isa = PBXFileReference; lastKnownFileType = text.plist.strings; name = en; path = en.lproj/InfoPlist.strings; sourceTree = "<group>"; };
		4BC01F5916725842003F6087 /* BufferFastTests.h */ = {isa = PBXFileReference; lastKnownFileType = sourcecode.c.h; path = BufferFastTests.h; sourceTree = "<group>"; };
		4BC01F5A16725842003F6087 /* BufferFastTests.m */ = {isa = PBXFileReference; lastKnownFileType = sourcecode.c.objc; path = BufferFastTests.m; sourceTree = "<group>"; };
		4BF7102D1677B2DA00FFA839 /* SystemConfiguration.framework */ = {isa = PBXFileReference; lastKnownFileType = wrapper.framework; name = SystemConfiguration.framework; path = System/Library/Frameworks/SystemConfiguration.framework; sourceTree = SDKROOT; };
		4BF710351677B7D400FFA839 /* StatusBarView.h */ = {isa = PBXFileReference; fileEncoding = 4; lastKnownFileType = sourcecode.c.h; name = StatusBarView.h; path = View/StatusBarView.h; sourceTree = "<group>"; };
		4BF710361677B7D400FFA839 /* StatusBarView.m */ = {isa = PBXFileReference; fileEncoding = 4; lastKnownFileType = sourcecode.c.objc; name = StatusBarView.m; path = View/StatusBarView.m; sourceTree = "<group>"; };
		4BF710401677C71E00FFA839 /* NSWindow+canBecomeKeyWindow.h */ = {isa = PBXFileReference; fileEncoding = 4; lastKnownFileType = sourcecode.c.h; path = "NSWindow+canBecomeKeyWindow.h"; sourceTree = "<group>"; };
		4BF710411677C71E00FFA839 /* NSWindow+canBecomeKeyWindow.m */ = {isa = PBXFileReference; fileEncoding = 4; lastKnownFileType = sourcecode.c.objc; path = "NSWindow+canBecomeKeyWindow.m"; sourceTree = "<group>"; };
/* End PBXFileReference section */

/* Begin PBXFrameworksBuildPhase section */
		4BC01F2916725841003F6087 /* Frameworks */ = {
			isa = PBXFrameworksBuildPhase;
			buildActionMask = 2147483647;
			files = (
				4BF7102E1677B2DA00FFA839 /* SystemConfiguration.framework in Frameworks */,
				4BC01F3116725841003F6087 /* Cocoa.framework in Frameworks */,
			);
			runOnlyForDeploymentPostprocessing = 0;
		};
		4BC01F4916725842003F6087 /* Frameworks */ = {
			isa = PBXFrameworksBuildPhase;
			buildActionMask = 2147483647;
			files = (
				4BC01F4F16725842003F6087 /* SenTestingKit.framework in Frameworks */,
				4BC01F5016725842003F6087 /* Cocoa.framework in Frameworks */,
			);
			runOnlyForDeploymentPostprocessing = 0;
		};
/* End PBXFrameworksBuildPhase section */

/* Begin PBXGroup section */
		4BBA18BF16763F74000EB48F /* Libraries */ = {
			isa = PBXGroup;
			children = (
				4BBA18C016763F8A000EB48F /* AFNetworking */,
			);
			name = Libraries;
			sourceTree = "<group>";
		};
		4BBA18C016763F8A000EB48F /* AFNetworking */ = {
			isa = PBXGroup;
			children = (
				4BBA18C116763F8A000EB48F /* AFHTTPClient.h */,
				4BBA18C216763F8A000EB48F /* AFHTTPClient.m */,
				4BBA18C316763F8A000EB48F /* AFHTTPRequestOperation.h */,
				4BBA18C416763F8A000EB48F /* AFHTTPRequestOperation.m */,
				4BBA18C516763F8A000EB48F /* AFImageRequestOperation.h */,
				4BBA18C616763F8A000EB48F /* AFImageRequestOperation.m */,
				4BBA18C716763F8A000EB48F /* AFJSONRequestOperation.h */,
				4BBA18C816763F8A000EB48F /* AFJSONRequestOperation.m */,
				4BBA18C916763F8A000EB48F /* AFNetworkActivityIndicatorManager.h */,
				4BBA18CA16763F8A000EB48F /* AFNetworkActivityIndicatorManager.m */,
				4BBA18CB16763F8A000EB48F /* AFNetworking.h */,
				4BBA18CC16763F8A000EB48F /* AFPropertyListRequestOperation.h */,
				4BBA18CD16763F8A000EB48F /* AFPropertyListRequestOperation.m */,
				4BBA18CE16763F8A000EB48F /* AFURLConnectionOperation.h */,
				4BBA18CF16763F8A000EB48F /* AFURLConnectionOperation.m */,
				4BBA18D016763F8A000EB48F /* AFXMLRequestOperation.h */,
				4BBA18D116763F8A000EB48F /* AFXMLRequestOperation.m */,
				4BBA18D216763F8A000EB48F /* UIImageView+AFNetworking.h */,
				4BBA18D316763F8A000EB48F /* UIImageView+AFNetworking.m */,
			);
			name = AFNetworking;
			path = Libraries/AFNetworking;
			sourceTree = "<group>";
		};
		4BBA18DD16763FD2000EB48F /* API */ = {
			isa = PBXGroup;
			children = (
				4BBA18DE16763FE1000EB48F /* AFBufferHTTPClient.h */,
				4BBA18DF16763FE1000EB48F /* AFBufferHTTPClient.m */,
			);
			name = API;
			sourceTree = "<group>";
		};
		4BC01F2116725841003F6087 = {
			isa = PBXGroup;
			children = (
				4BF7102D1677B2DA00FFA839 /* SystemConfiguration.framework */,
				4BC01F3616725841003F6087 /* BufferFast */,
				4BC01F5316725842003F6087 /* BufferFastTests */,
				4BC01F2F16725841003F6087 /* Frameworks */,
				4BC01F2D16725841003F6087 /* Products */,
			);
			sourceTree = "<group>";
		};
		4BC01F2D16725841003F6087 /* Products */ = {
			isa = PBXGroup;
			children = (
				4BC01F2C16725841003F6087 /* BufferFast.app */,
				4BC01F4D16725842003F6087 /* BufferFastTests.octest */,
			);
			name = Products;
			sourceTree = "<group>";
		};
		4BC01F2F16725841003F6087 /* Frameworks */ = {
			isa = PBXGroup;
			children = (
				4BC01F3016725841003F6087 /* Cocoa.framework */,
				4BC01F4E16725842003F6087 /* SenTestingKit.framework */,
				4BC01F3216725841003F6087 /* Other Frameworks */,
			);
			name = Frameworks;
			sourceTree = "<group>";
		};
		4BC01F3216725841003F6087 /* Other Frameworks */ = {
			isa = PBXGroup;
			children = (
				4BC01F3316725841003F6087 /* AppKit.framework */,
				4BC01F3416725841003F6087 /* CoreData.framework */,
				4BC01F3516725841003F6087 /* Foundation.framework */,
			);
			name = "Other Frameworks";
			sourceTree = "<group>";
		};
		4BC01F3616725841003F6087 /* BufferFast */ = {
			isa = PBXGroup;
			children = (
				4BF710401677C71E00FFA839 /* NSWindow+canBecomeKeyWindow.h */,
				4BF710411677C71E00FFA839 /* NSWindow+canBecomeKeyWindow.m */,
				4BF710341677B7B100FFA839 /* View */,
				4BBA18DD16763FD2000EB48F /* API */,
				4BBA18BF16763F74000EB48F /* Libraries */,
				4BC01F4216725842003F6087 /* AppDelegate.h */,
				4BC01F4316725842003F6087 /* AppDelegate.m */,
				4BC01F4516725842003F6087 /* MainMenu.xib */,
				4BC01F3716725842003F6087 /* Supporting Files */,
			);
			path = BufferFast;
			sourceTree = "<group>";
		};
		4BC01F3716725842003F6087 /* Supporting Files */ = {
			isa = PBXGroup;
			children = (
				4BC01F3816725842003F6087 /* BufferFast-Info.plist */,
				4BC01F3916725842003F6087 /* InfoPlist.strings */,
				4BC01F3C16725842003F6087 /* main.m */,
				4BC01F3E16725842003F6087 /* BufferFast-Prefix.pch */,
				4BC01F3F16725842003F6087 /* Credits.rtf */,
			);
			name = "Supporting Files";
			sourceTree = "<group>";
		};
		4BC01F5316725842003F6087 /* BufferFastTests */ = {
			isa = PBXGroup;
			children = (
				4BC01F5916725842003F6087 /* BufferFastTests.h */,
				4BC01F5A16725842003F6087 /* BufferFastTests.m */,
				4BC01F5416725842003F6087 /* Supporting Files */,
			);
			path = BufferFastTests;
			sourceTree = "<group>";
		};
		4BC01F5416725842003F6087 /* Supporting Files */ = {
			isa = PBXGroup;
			children = (
				4BC01F5516725842003F6087 /* BufferFastTests-Info.plist */,
				4BC01F5616725842003F6087 /* InfoPlist.strings */,
			);
			name = "Supporting Files";
			sourceTree = "<group>";
		};
		4BF710341677B7B100FFA839 /* View */ = {
			isa = PBXGroup;
			children = (
				4BF710351677B7D400FFA839 /* StatusBarView.h */,
				4BF710361677B7D400FFA839 /* StatusBarView.m */,
			);
			name = View;
			sourceTree = "<group>";
		};
/* End PBXGroup section */

/* Begin PBXNativeTarget section */
		4BC01F2B16725841003F6087 /* BufferFast */ = {
			isa = PBXNativeTarget;
			buildConfigurationList = 4BC01F5E16725842003F6087 /* Build configuration list for PBXNativeTarget "BufferFast" */;
			buildPhases = (
				4BC01F2816725841003F6087 /* Sources */,
				4BC01F2916725841003F6087 /* Frameworks */,
				4BC01F2A16725841003F6087 /* Resources */,
			);
			buildRules = (
			);
			dependencies = (
			);
			name = BufferFast;
			productName = BufferFast;
			productReference = 4BC01F2C16725841003F6087 /* BufferFast.app */;
			productType = "com.apple.product-type.application";
		};
		4BC01F4C16725842003F6087 /* BufferFastTests */ = {
			isa = PBXNativeTarget;
			buildConfigurationList = 4BC01F6116725842003F6087 /* Build configuration list for PBXNativeTarget "BufferFastTests" */;
			buildPhases = (
				4BC01F4816725842003F6087 /* Sources */,
				4BC01F4916725842003F6087 /* Frameworks */,
				4BC01F4A16725842003F6087 /* Resources */,
				4BC01F4B16725842003F6087 /* ShellScript */,
			);
			buildRules = (
			);
			dependencies = (
				4BC01F5216725842003F6087 /* PBXTargetDependency */,
			);
			name = BufferFastTests;
			productName = BufferFastTests;
			productReference = 4BC01F4D16725842003F6087 /* BufferFastTests.octest */;
			productType = "com.apple.product-type.bundle";
		};
/* End PBXNativeTarget section */

/* Begin PBXProject section */
		4BC01F2316725841003F6087 /* Project object */ = {
			isa = PBXProject;
			attributes = {
				LastUpgradeCheck = 0450;
				ORGANIZATIONNAME = "Petr Pavlik";
			};
			buildConfigurationList = 4BC01F2616725841003F6087 /* Build configuration list for PBXProject "BufferFast" */;
			compatibilityVersion = "Xcode 3.2";
			developmentRegion = English;
			hasScannedForEncodings = 0;
			knownRegions = (
				en,
			);
			mainGroup = 4BC01F2116725841003F6087;
			productRefGroup = 4BC01F2D16725841003F6087 /* Products */;
			projectDirPath = "";
			projectRoot = "";
			targets = (
				4BC01F2B16725841003F6087 /* BufferFast */,
				4BC01F4C16725842003F6087 /* BufferFastTests */,
			);
		};
/* End PBXProject section */

/* Begin PBXResourcesBuildPhase section */
		4BC01F2A16725841003F6087 /* Resources */ = {
			isa = PBXResourcesBuildPhase;
			buildActionMask = 2147483647;
			files = (
				4BC01F3B16725842003F6087 /* InfoPlist.strings in Resources */,
				4BC01F4116725842003F6087 /* Credits.rtf in Resources */,
				4BC01F4716725842003F6087 /* MainMenu.xib in Resources */,
			);
			runOnlyForDeploymentPostprocessing = 0;
		};
		4BC01F4A16725842003F6087 /* Resources */ = {
			isa = PBXResourcesBuildPhase;
			buildActionMask = 2147483647;
			files = (
				4BC01F5816725842003F6087 /* InfoPlist.strings in Resources */,
			);
			runOnlyForDeploymentPostprocessing = 0;
		};
/* End PBXResourcesBuildPhase section */

/* Begin PBXShellScriptBuildPhase section */
		4BC01F4B16725842003F6087 /* ShellScript */ = {
			isa = PBXShellScriptBuildPhase;
			buildActionMask = 2147483647;
			files = (
			);
			inputPaths = (
			);
			outputPaths = (
			);
			runOnlyForDeploymentPostprocessing = 0;
			shellPath = /bin/sh;
			shellScript = "# Run the unit tests in this test bundle.\n\"${SYSTEM_DEVELOPER_DIR}/Tools/RunUnitTests\"\n";
		};
/* End PBXShellScriptBuildPhase section */

/* Begin PBXSourcesBuildPhase section */
		4BC01F2816725841003F6087 /* Sources */ = {
			isa = PBXSourcesBuildPhase;
			buildActionMask = 2147483647;
			files = (
				4BC01F3D16725842003F6087 /* main.m in Sources */,
				4BC01F4416725842003F6087 /* AppDelegate.m in Sources */,
				4BBA18D416763F8A000EB48F /* AFHTTPClient.m in Sources */,
				4BBA18D516763F8A000EB48F /* AFHTTPRequestOperation.m in Sources */,
				4BBA18D616763F8A000EB48F /* AFImageRequestOperation.m in Sources */,
				4BBA18D716763F8A000EB48F /* AFJSONRequestOperation.m in Sources */,
				4BBA18D816763F8A000EB48F /* AFNetworkActivityIndicatorManager.m in Sources */,
				4BBA18D916763F8A000EB48F /* AFPropertyListRequestOperation.m in Sources */,
				4BBA18DA16763F8A000EB48F /* AFURLConnectionOperation.m in Sources */,
				4BBA18DB16763F8A000EB48F /* AFXMLRequestOperation.m in Sources */,
				4BBA18DC16763F8A000EB48F /* UIImageView+AFNetworking.m in Sources */,
				4BBA18E016763FE1000EB48F /* AFBufferHTTPClient.m in Sources */,
				4BF710371677B7D400FFA839 /* StatusBarView.m in Sources */,
				4BF710421677C71E00FFA839 /* NSWindow+canBecomeKeyWindow.m in Sources */,
			);
			runOnlyForDeploymentPostprocessing = 0;
		};
		4BC01F4816725842003F6087 /* Sources */ = {
			isa = PBXSourcesBuildPhase;
			buildActionMask = 2147483647;
			files = (
				4BC01F5B16725842003F6087 /* BufferFastTests.m in Sources */,
			);
			runOnlyForDeploymentPostprocessing = 0;
		};
/* End PBXSourcesBuildPhase section */

/* Begin PBXTargetDependency section */
		4BC01F5216725842003F6087 /* PBXTargetDependency */ = {
			isa = PBXTargetDependency;
			target = 4BC01F2B16725841003F6087 /* BufferFast */;
			targetProxy = 4BC01F5116725842003F6087 /* PBXContainerItemProxy */;
		};
/* End PBXTargetDependency section */

/* Begin PBXVariantGroup section */
		4BC01F3916725842003F6087 /* InfoPlist.strings */ = {
			isa = PBXVariantGroup;
			children = (
				4BC01F3A16725842003F6087 /* en */,
			);
			name = InfoPlist.strings;
			sourceTree = "<group>";
		};
		4BC01F3F16725842003F6087 /* Credits.rtf */ = {
			isa = PBXVariantGroup;
			children = (
				4BC01F4016725842003F6087 /* en */,
			);
			name = Credits.rtf;
			sourceTree = "<group>";
		};
		4BC01F4516725842003F6087 /* MainMenu.xib */ = {
			isa = PBXVariantGroup;
			children = (
				4BC01F4616725842003F6087 /* en */,
			);
			name = MainMenu.xib;
			sourceTree = "<group>";
		};
		4BC01F5616725842003F6087 /* InfoPlist.strings */ = {
			isa = PBXVariantGroup;
			children = (
				4BC01F5716725842003F6087 /* en */,
			);
			name = InfoPlist.strings;
			sourceTree = "<group>";
		};
/* End PBXVariantGroup section */

/* Begin XCBuildConfiguration section */
		4BC01F5C16725842003F6087 /* Debug */ = {
			isa = XCBuildConfiguration;
			buildSettings = {
				ALWAYS_SEARCH_USER_PATHS = NO;
				ARCHS = "$(ARCHS_STANDARD_64_BIT)";
				CLANG_CXX_LANGUAGE_STANDARD = "gnu++0x";
				CLANG_CXX_LIBRARY = "libc++";
				CLANG_ENABLE_OBJC_ARC = YES;
				CLANG_WARN_EMPTY_BODY = YES;
				CLANG_WARN__DUPLICATE_METHOD_MATCH = YES;
				COPY_PHASE_STRIP = NO;
				GCC_C_LANGUAGE_STANDARD = gnu99;
				GCC_DYNAMIC_NO_PIC = NO;
				GCC_ENABLE_OBJC_EXCEPTIONS = YES;
				GCC_OPTIMIZATION_LEVEL = 0;
				GCC_PREPROCESSOR_DEFINITIONS = (
					"DEBUG=1",
					"$(inherited)",
				);
				GCC_SYMBOLS_PRIVATE_EXTERN = NO;
				GCC_WARN_64_TO_32_BIT_CONVERSION = YES;
				GCC_WARN_ABOUT_RETURN_TYPE = YES;
				GCC_WARN_UNINITIALIZED_AUTOS = YES;
				GCC_WARN_UNUSED_VARIABLE = YES;
				MACOSX_DEPLOYMENT_TARGET = 10.8;
				ONLY_ACTIVE_ARCH = YES;
				SDKROOT = macosx;
			};
			name = Debug;
		};
		4BC01F5D16725842003F6087 /* Release */ = {
			isa = XCBuildConfiguration;
			buildSettings = {
				ALWAYS_SEARCH_USER_PATHS = NO;
				ARCHS = "$(ARCHS_STANDARD_64_BIT)";
				CLANG_CXX_LANGUAGE_STANDARD = "gnu++0x";
				CLANG_CXX_LIBRARY = "libc++";
				CLANG_ENABLE_OBJC_ARC = YES;
				CLANG_WARN_EMPTY_BODY = YES;
				CLANG_WARN__DUPLICATE_METHOD_MATCH = YES;
				COPY_PHASE_STRIP = YES;
				DEBUG_INFORMATION_FORMAT = "dwarf-with-dsym";
				GCC_C_LANGUAGE_STANDARD = gnu99;
				GCC_ENABLE_OBJC_EXCEPTIONS = YES;
				GCC_WARN_64_TO_32_BIT_CONVERSION = YES;
				GCC_WARN_ABOUT_RETURN_TYPE = YES;
				GCC_WARN_UNINITIALIZED_AUTOS = YES;
				GCC_WARN_UNUSED_VARIABLE = YES;
				MACOSX_DEPLOYMENT_TARGET = 10.8;
				SDKROOT = macosx;
			};
			name = Release;
		};
		4BC01F5F16725842003F6087 /* Debug */ = {
			isa = XCBuildConfiguration;
			buildSettings = {
				COMBINE_HIDPI_IMAGES = YES;
				GCC_PRECOMPILE_PREFIX_HEADER = YES;
				GCC_PREFIX_HEADER = "BufferFast/BufferFast-Prefix.pch";
				INFOPLIST_FILE = "BufferFast/BufferFast-Info.plist";
				PRODUCT_NAME = "$(TARGET_NAME)";
				WRAPPER_EXTENSION = app;
			};
			name = Debug;
		};
		4BC01F6016725842003F6087 /* Release */ = {
			isa = XCBuildConfiguration;
			buildSettings = {
				COMBINE_HIDPI_IMAGES = YES;
				GCC_PRECOMPILE_PREFIX_HEADER = YES;
				GCC_PREFIX_HEADER = "BufferFast/BufferFast-Prefix.pch";
				INFOPLIST_FILE = "BufferFast/BufferFast-Info.plist";
				PRODUCT_NAME = "$(TARGET_NAME)";
				WRAPPER_EXTENSION = app;
			};
			name = Release;
		};
		4BC01F6216725842003F6087 /* Debug */ = {
			isa = XCBuildConfiguration;
			buildSettings = {
				BUNDLE_LOADER = "$(BUILT_PRODUCTS_DIR)/BufferFast.app/Contents/MacOS/BufferFast";
				COMBINE_HIDPI_IMAGES = YES;
				FRAMEWORK_SEARCH_PATHS = "\"$(DEVELOPER_LIBRARY_DIR)/Frameworks\"";
				GCC_PRECOMPILE_PREFIX_HEADER = YES;
				GCC_PREFIX_HEADER = "BufferFast/BufferFast-Prefix.pch";
				INFOPLIST_FILE = "BufferFastTests/BufferFastTests-Info.plist";
				PRODUCT_NAME = "$(TARGET_NAME)";
				TEST_HOST = "$(BUNDLE_LOADER)";
				WRAPPER_EXTENSION = octest;
			};
			name = Debug;
		};
		4BC01F6316725842003F6087 /* Release */ = {
			isa = XCBuildConfiguration;
			buildSettings = {
				BUNDLE_LOADER = "$(BUILT_PRODUCTS_DIR)/BufferFast.app/Contents/MacOS/BufferFast";
				COMBINE_HIDPI_IMAGES = YES;
				FRAMEWORK_SEARCH_PATHS = "\"$(DEVELOPER_LIBRARY_DIR)/Frameworks\"";
				GCC_PRECOMPILE_PREFIX_HEADER = YES;
				GCC_PREFIX_HEADER = "BufferFast/BufferFast-Prefix.pch";
				INFOPLIST_FILE = "BufferFastTests/BufferFastTests-Info.plist";
				PRODUCT_NAME = "$(TARGET_NAME)";
				TEST_HOST = "$(BUNDLE_LOADER)";
				WRAPPER_EXTENSION = octest;
			};
			name = Release;
		};
/* End XCBuildConfiguration section */

/* Begin XCConfigurationList section */
		4BC01F2616725841003F6087 /* Build configuration list for PBXProject "BufferFast" */ = {
			isa = XCConfigurationList;
			buildConfigurations = (
				4BC01F5C16725842003F6087 /* Debug */,
				4BC01F5D16725842003F6087 /* Release */,
			);
			defaultConfigurationIsVisible = 0;
			defaultConfigurationName = Release;
		};
		4BC01F5E16725842003F6087 /* Build configuration list for PBXNativeTarget "BufferFast" */ = {
			isa = XCConfigurationList;
			buildConfigurations = (
				4BC01F5F16725842003F6087 /* Debug */,
				4BC01F6016725842003F6087 /* Release */,
			);
			defaultConfigurationIsVisible = 0;
			defaultConfigurationName = Release;
		};
		4BC01F6116725842003F6087 /* Build configuration list for PBXNativeTarget "BufferFastTests" */ = {
			isa = XCConfigurationList;
			buildConfigurations = (
				4BC01F6216725842003F6087 /* Debug */,
				4BC01F6316725842003F6087 /* Release */,
			);
			defaultConfigurationIsVisible = 0;
			defaultConfigurationName = Release;
		};
/* End XCConfigurationList section */
	};
	rootObject = 4BC01F2316725841003F6087 /* Project object */;
}
